<?xml version="1.0" encoding="utf-8"?>
<Project ToolsVersion="4.0" xmlns="http://schemas.microsoft.com/developer/msbuild/2003">
  <ItemGroup>
    <Filter Include="Исходные файлы">
      <UniqueIdentifier>{4FC737F1-C7A5-4376-A066-2A32D752A2FF}</UniqueIdentifier>
      <Extensions>cpp;c;cc;cxx;def;odl;idl;hpj;bat;asm;asmx</Extensions>
    </Filter>
    <Filter Include="Файлы заголовков">
      <UniqueIdentifier>{93995380-89BD-4b04-88EB-625FBE52EBFB}</UniqueIdentifier>
      <Extensions>h;hh;hpp;hxx;hm;inl;inc;ipp;xsd</Extensions>
    </Filter>
    <Filter Include="Файлы ресурсов">
      <UniqueIdentifier>{67DA6AB6-F800-4c08-8B7A-83BB121AAD01}</UniqueIdentifier>
      <Extensions>rc;ico;cur;bmp;dlg;rc2;rct;bin;rgs;gif;jpg;jpeg;jpe;resx;tiff;tif;png;wav;mfcribbon-ms</Extensions>
    </Filter>
    <Filter Include="Файлы заголовков\lua">
      <UniqueIdentifier>{0e879722-7a8c-436d-90b1-378823405d22}</UniqueIdentifier>
    </Filter>
    <Filter Include="Исходные файлы\lua">
      <UniqueIdentifier>{1e1bf1c2-f58d-4612-baa0-8ea230c2132b}</UniqueIdentifier>
    </Filter>
    <Filter Include="Файлы заголовков\scenario">
      <UniqueIdentifier>{a5800e54-35f2-4b68-96b3-30fa059cc348}</UniqueIdentifier>
    </Filter>
    <Filter Include="Исходные файлы\scenario">
      <UniqueIdentifier>{afcc9681-b1ee-46bc-8513-f53f6aed83fd}</UniqueIdentifier>
    </Filter>
    <Filter Include="Файлы заголовков\utils">
      <UniqueIdentifier>{bfb43075-8d97-4996-9f78-91ba1795d293}</UniqueIdentifier>
    </Filter>
    <Filter Include="Исходные файлы\utils">
      <UniqueIdentifier>{af1c2d86-7200-4ee6-bed5-5c1e55955299}</UniqueIdentifier>
    </Filter>
  </ItemGroup>
  <ItemGroup>
    <ClCompile Include="main.cpp">
      <Filter>Исходные файлы</Filter>
    </ClCompile>
    <ClCompile Include="lua\lapi.c">
      <Filter>Исходные файлы\lua</Filter>
    </ClCompile>
    <ClCompile Include="lua\lauxlib.c">
      <Filter>Исходные файлы\lua</Filter>
    </ClCompile>
    <ClCompile Include="lua\lbaselib.c">
      <Filter>Исходные файлы\lua</Filter>
    </ClCompile>
    <ClCompile Include="lua\lcode.c">
      <Filter>Исходные файлы\lua</Filter>
    </ClCompile>
    <ClCompile Include="lua\lcorolib.c">
      <Filter>Исходные файлы\lua</Filter>
    </ClCompile>
    <ClCompile Include="lua\lctype.c">
      <Filter>Исходные файлы\lua</Filter>
    </ClCompile>
    <ClCompile Include="lua\ldblib.c">
      <Filter>Исходные файлы\lua</Filter>
    </ClCompile>
    <ClCompile Include="lua\ldebug.c">
      <Filter>Исходные файлы\lua</Filter>
    </ClCompile>
    <ClCompile Include="lua\ldo.c">
      <Filter>Исходные файлы\lua</Filter>
    </ClCompile>
    <ClCompile Include="lua\ldump.c">
      <Filter>Исходные файлы\lua</Filter>
    </ClCompile>
    <ClCompile Include="lua\lfunc.c">
      <Filter>Исходные файлы\lua</Filter>
    </ClCompile>
    <ClCompile Include="lua\lgc.c">
      <Filter>Исходные файлы\lua</Filter>
    </ClCompile>
    <ClCompile Include="lua\linit.c">
      <Filter>Исходные файлы\lua</Filter>
    </ClCompile>
    <ClCompile Include="lua\liolib.c">
      <Filter>Исходные файлы\lua</Filter>
    </ClCompile>
    <ClCompile Include="lua\llex.c">
      <Filter>Исходные файлы\lua</Filter>
    </ClCompile>
    <ClCompile Include="lua\lmathlib.c">
      <Filter>Исходные файлы\lua</Filter>
    </ClCompile>
    <ClCompile Include="lua\lmem.c">
      <Filter>Исходные файлы\lua</Filter>
    </ClCompile>
    <ClCompile Include="lua\loadlib.c">
      <Filter>Исходные файлы\lua</Filter>
    </ClCompile>
    <ClCompile Include="lua\lobject.c">
      <Filter>Исходные файлы\lua</Filter>
    </ClCompile>
    <ClCompile Include="lua\lopcodes.c">
      <Filter>Исходные файлы\lua</Filter>
    </ClCompile>
    <ClCompile Include="lua\loslib.c">
      <Filter>Исходные файлы\lua</Filter>
    </ClCompile>
    <ClCompile Include="lua\lparser.c">
      <Filter>Исходные файлы\lua</Filter>
    </ClCompile>
    <ClCompile Include="lua\lstate.c">
      <Filter>Исходные файлы\lua</Filter>
    </ClCompile>
    <ClCompile Include="lua\lstring.c">
      <Filter>Исходные файлы\lua</Filter>
    </ClCompile>
    <ClCompile Include="lua\lstrlib.c">
      <Filter>Исходные файлы\lua</Filter>
    </ClCompile>
    <ClCompile Include="lua\ltable.c">
      <Filter>Исходные файлы\lua</Filter>
    </ClCompile>
    <ClCompile Include="lua\ltablib.c">
      <Filter>Исходные файлы\lua</Filter>
    </ClCompile>
    <ClCompile Include="lua\ltm.c">
      <Filter>Исходные файлы\lua</Filter>
    </ClCompile>
    <ClCompile Include="lua\lundump.c">
      <Filter>Исходные файлы\lua</Filter>
    </ClCompile>
    <ClCompile Include="lua\lutf8lib.c">
      <Filter>Исходные файлы\lua</Filter>
    </ClCompile>
    <ClCompile Include="lua\lvm.c">
      <Filter>Исходные файлы\lua</Filter>
    </ClCompile>
    <ClCompile Include="lua\lzio.c">
      <Filter>Исходные файлы\lua</Filter>
    </ClCompile>
    <ClCompile Include="zoneplacer.cpp">
      <Filter>Исходные файлы</Filter>
    </ClCompile>
    <ClCompile Include="mapgenerator.cpp">
      <Filter>Исходные файлы</Filter>
    </ClCompile>
    <ClCompile Include="maptemplatereader.cpp">
      <Filter>Исходные файлы</Filter>
    </ClCompile>
    <ClCompile Include="templatezone.cpp">
      <Filter>Исходные файлы</Filter>
    </ClCompile>
    <ClCompile Include="midgardid.cpp">
      <Filter>Исходные файлы\scenario</Filter>
    </ClCompile>
    <ClCompile Include="map.cpp">
      <Filter>Исходные файлы</Filter>
    </ClCompile>
    <ClCompile Include="image.cpp">
      <Filter>Исходные файлы\utils</Filter>
    </ClCompile>
    <ClCompile Include="serializer.cpp">
      <Filter>Исходные файлы\utils</Filter>
    </ClCompile>
    <ClCompile Include="player.cpp">
      <Filter>Исходные файлы\scenario</Filter>
    </ClCompile>
    <ClCompile Include="currency.cpp">
      <Filter>Исходные файлы\scenario</Filter>
    </ClCompile>
    <ClCompile Include="capital.cpp">
      <Filter>Исходные файлы\scenario</Filter>
    </ClCompile>
    <ClCompile Include="group.cpp">
      <Filter>Исходные файлы\scenario</Filter>
    </ClCompile>
    <ClCompile Include="inventory.cpp">
      <Filter>Исходные файлы\scenario</Filter>
    </ClCompile>
    <ClCompile Include="fog.cpp">
      <Filter>Исходные файлы\scenario</Filter>
    </ClCompile>
    <ClCompile Include="knownspells.cpp">
      <Filter>Исходные файлы\scenario</Filter>
    </ClCompile>
    <ClCompile Include="playerbuildings.cpp">
      <Filter>Исходные файлы\scenario</Filter>
    </ClCompile>
    <ClCompile Include="talismancharges.cpp">
      <Filter>Исходные файлы\scenario</Filter>
    </ClCompile>
    <ClCompile Include="stackdestroyed.cpp">
      <Filter>Исходные файлы\scenario</Filter>
    </ClCompile>
    <ClCompile Include="spelleffects.cpp">
      <Filter>Исходные файлы\scenario</Filter>
    </ClCompile>
    <ClCompile Include="spellcast.cpp">
      <Filter>Исходные файлы\scenario</Filter>
    </ClCompile>
    <ClCompile Include="scenariovariables.cpp">
      <Filter>Исходные файлы\scenario</Filter>
    </ClCompile>
    <ClCompile Include="questlog.cpp">
      <Filter>Исходные файлы\scenario</Filter>
    </ClCompile>
    <ClCompile Include="turnsummary.cpp">
      <Filter>Исходные файлы\scenario</Filter>
    </ClCompile>
    <ClCompile Include="midgardmap.cpp">
      <Filter>Исходные файлы\scenario</Filter>
    </ClCompile>
    <ClCompile Include="plan.cpp">
      <Filter>Исходные файлы\scenario</Filter>
    </ClCompile>
    <ClCompile Include="diplomacy.cpp">
      <Filter>Исходные файлы\scenario</Filter>
    </ClCompile>
    <ClCompile Include="scenarioinfo.cpp">
      <Filter>Исходные файлы\scenario</Filter>
    </ClCompile>
    <ClCompile Include="mapblock.cpp">
      <Filter>Исходные файлы\scenario</Filter>
    </ClCompile>
    <ClCompile Include="subrace.cpp">
      <Filter>Исходные файлы\scenario</Filter>
    </ClCompile>
    <ClCompile Include="unit.cpp">
      <Filter>Исходные файлы\scenario</Filter>
    </ClCompile>
    <ClCompile Include="stack.cpp">
      <Filter>Исходные файлы\scenario</Filter>
    </ClCompile>
    <ClCompile Include="mountains.cpp">
      <Filter>Исходные файлы\scenario</Filter>
    </ClCompile>
  </ItemGroup>
  <ItemGroup>
    <ClInclude Include="lua\lapi.h">
      <Filter>Файлы заголовков\lua</Filter>
    </ClInclude>
    <ClInclude Include="lua\lauxlib.h">
      <Filter>Файлы заголовков\lua</Filter>
    </ClInclude>
    <ClInclude Include="lua\lcode.h">
      <Filter>Файлы заголовков\lua</Filter>
    </ClInclude>
    <ClInclude Include="lua\lctype.h">
      <Filter>Файлы заголовков\lua</Filter>
    </ClInclude>
    <ClInclude Include="lua\ldebug.h">
      <Filter>Файлы заголовков\lua</Filter>
    </ClInclude>
    <ClInclude Include="lua\ldo.h">
      <Filter>Файлы заголовков\lua</Filter>
    </ClInclude>
    <ClInclude Include="lua\lfunc.h">
      <Filter>Файлы заголовков\lua</Filter>
    </ClInclude>
    <ClInclude Include="lua\lgc.h">
      <Filter>Файлы заголовков\lua</Filter>
    </ClInclude>
    <ClInclude Include="lua\ljumptab.h">
      <Filter>Файлы заголовков\lua</Filter>
    </ClInclude>
    <ClInclude Include="lua\llex.h">
      <Filter>Файлы заголовков\lua</Filter>
    </ClInclude>
    <ClInclude Include="lua\llimits.h">
      <Filter>Файлы заголовков\lua</Filter>
    </ClInclude>
    <ClInclude Include="lua\lmem.h">
      <Filter>Файлы заголовков\lua</Filter>
    </ClInclude>
    <ClInclude Include="lua\lobject.h">
      <Filter>Файлы заголовков\lua</Filter>
    </ClInclude>
    <ClInclude Include="lua\lopcodes.h">
      <Filter>Файлы заголовков\lua</Filter>
    </ClInclude>
    <ClInclude Include="lua\lopnames.h">
      <Filter>Файлы заголовков\lua</Filter>
    </ClInclude>
    <ClInclude Include="lua\lparser.h">
      <Filter>Файлы заголовков\lua</Filter>
    </ClInclude>
    <ClInclude Include="lua\lprefix.h">
      <Filter>Файлы заголовков\lua</Filter>
    </ClInclude>
    <ClInclude Include="lua\lstate.h">
      <Filter>Файлы заголовков\lua</Filter>
    </ClInclude>
    <ClInclude Include="lua\lstring.h">
      <Filter>Файлы заголовков\lua</Filter>
    </ClInclude>
    <ClInclude Include="lua\ltable.h">
      <Filter>Файлы заголовков\lua</Filter>
    </ClInclude>
    <ClInclude Include="lua\ltm.h">
      <Filter>Файлы заголовков\lua</Filter>
    </ClInclude>
    <ClInclude Include="lua\lua.h">
      <Filter>Файлы заголовков\lua</Filter>
    </ClInclude>
    <ClInclude Include="lua\lua.hpp">
      <Filter>Файлы заголовков\lua</Filter>
    </ClInclude>
    <ClInclude Include="lua\luaconf.h">
      <Filter>Файлы заголовков\lua</Filter>
    </ClInclude>
    <ClInclude Include="lua\lualib.h">
      <Filter>Файлы заголовков\lua</Filter>
    </ClInclude>
    <ClInclude Include="lua\lundump.h">
      <Filter>Файлы заголовков\lua</Filter>
    </ClInclude>
    <ClInclude Include="lua\lvm.h">
      <Filter>Файлы заголовков\lua</Filter>
    </ClInclude>
    <ClInclude Include="lua\lzio.h">
      <Filter>Файлы заголовков\lua</Filter>
    </ClInclude>
    <ClInclude Include="zoneplacer.h">
      <Filter>Файлы заголовков</Filter>
    </ClInclude>
    <ClInclude Include="enums.h">
      <Filter>Файлы заголовков</Filter>
    </ClInclude>
    <ClInclude Include="map.h">
      <Filter>Файлы заголовков</Filter>
    </ClInclude>
    <ClInclude Include="mapgenerator.h">
      <Filter>Файлы заголовков</Filter>
    </ClInclude>
    <ClInclude Include="maptemplate.h">
      <Filter>Файлы заголовков</Filter>
    </ClInclude>
    <ClInclude Include="maptemplatereader.h">
      <Filter>Файлы заголовков</Filter>
    </ClInclude>
    <ClInclude Include="objectinfo.h">
      <Filter>Файлы заголовков</Filter>
    </ClInclude>
    <ClInclude Include="position.h">
      <Filter>Файлы заголовков</Filter>
    </ClInclude>
    <ClInclude Include="randomgenerator.h">
      <Filter>Файлы заголовков</Filter>
    </ClInclude>
    <ClInclude Include="templatezone.h">
      <Filter>Файлы заголовков</Filter>
    </ClInclude>
    <ClInclude Include="tileinfo.h">
      <Filter>Файлы заголовков</Filter>
    </ClInclude>
    <ClInclude Include="vposition.h">
      <Filter>Файлы заголовков</Filter>
    </ClInclude>
    <ClInclude Include="zoneconnection.h">
      <Filter>Файлы заголовков</Filter>
    </ClInclude>
    <ClInclude Include="zoneid.h">
      <Filter>Файлы заголовков</Filter>
    </ClInclude>
    <ClInclude Include="zoneoptions.h">
      <Filter>Файлы заголовков</Filter>
    </ClInclude>
    <ClInclude Include="scenarioobject.h">
      <Filter>Файлы заголовков\scenario</Filter>
    </ClInclude>
    <ClInclude Include="midgardid.h">
      <Filter>Файлы заголовков\scenario</Filter>
    </ClInclude>
    <ClInclude Include="mapelement.h">
      <Filter>Файлы заголовков\scenario</Filter>
    </ClInclude>
    <ClInclude Include="fortification.h">
      <Filter>Файлы заголовков\scenario</Filter>
    </ClInclude>
    <ClInclude Include="capital.h">
      <Filter>Файлы заголовков\scenario</Filter>
    </ClInclude>
    <ClInclude Include="player.h">
      <Filter>Файлы заголовков\scenario</Filter>
    </ClInclude>
    <ClInclude Include="fog.h">
      <Filter>Файлы заголовков\scenario</Filter>
    </ClInclude>
    <ClInclude Include="playerbuildings.h">
      <Filter>Файлы заголовков\scenario</Filter>
    </ClInclude>
    <ClInclude Include="knownspells.h">
      <Filter>Файлы заголовков\scenario</Filter>
    </ClInclude>
    <ClInclude Include="stb_image_write.h">
      <Filter>Файлы заголовков\utils</Filter>
    </ClInclude>
    <ClInclude Include="image.h">
      <Filter>Файлы заголовков\utils</Filter>
    </ClInclude>
    <ClInclude Include="serializer.h">
      <Filter>Файлы заголовков\utils</Filter>
    </ClInclude>
    <ClInclude Include="currency.h">
      <Filter>Файлы заголовков\scenario</Filter>
    </ClInclude>
    <ClInclude Include="group.h">
      <Filter>Файлы заголовков\scenario</Filter>
    </ClInclude>
    <ClInclude Include="inventory.h">
      <Filter>Файлы заголовков\scenario</Filter>
    </ClInclude>
    <ClInclude Include="aipriority.h">
      <Filter>Файлы заголовков\scenario</Filter>
    </ClInclude>
    <ClInclude Include="talismancharges.h">
      <Filter>Файлы заголовков\scenario</Filter>
    </ClInclude>
    <ClInclude Include="stackdestroyed.h">
      <Filter>Файлы заголовков\scenario</Filter>
    </ClInclude>
    <ClInclude Include="spelleffects.h">
      <Filter>Файлы заголовков\scenario</Filter>
    </ClInclude>
    <ClInclude Include="spellcast.h">
      <Filter>Файлы заголовков\scenario</Filter>
    </ClInclude>
    <ClInclude Include="scenariovariables.h">
      <Filter>Файлы заголовков\scenario</Filter>
    </ClInclude>
    <ClInclude Include="questlog.h">
      <Filter>Файлы заголовков\scenario</Filter>
    </ClInclude>
    <ClInclude Include="turnsummary.h">
      <Filter>Файлы заголовков\scenario</Filter>
    </ClInclude>
    <ClInclude Include="midgardmap.h">
      <Filter>Файлы заголовков\scenario</Filter>
    </ClInclude>
    <ClInclude Include="plan.h">
      <Filter>Файлы заголовков\scenario</Filter>
    </ClInclude>
    <ClInclude Include="diplomacy.h">
      <Filter>Файлы заголовков\scenario</Filter>
    </ClInclude>
    <ClInclude Include="scenarioinfo.h">
      <Filter>Файлы заголовков\scenario</Filter>
    </ClInclude>
    <ClInclude Include="mapblock.h">
      <Filter>Файлы заголовков\scenario</Filter>
    </ClInclude>
    <ClInclude Include="subrace.h">
      <Filter>Файлы заголовков\scenario</Filter>
    </ClInclude>
    <ClInclude Include="unit.h">
      <Filter>Файлы заголовков\scenario</Filter>
    </ClInclude>
    <ClInclude Include="stack.h">
      <Filter>Файлы заголовков\scenario</Filter>
    </ClInclude>
    <ClInclude Include="mountains.h">
      <Filter>Файлы заголовков\scenario</Filter>
    </ClInclude>
  </ItemGroup>
</Project>